# This file is automatically @generated by Cargo.
# It is not intended for manual editing.
version = 4

[[package]]
name = "fieldnotes-app"
version = "0.1.0"
dependencies = [
 "fieldnotes-credentials",
 "fieldnotes-domain",
 "fieldnotes-field-protocol",
 "fieldnotes-graph",
 "fieldnotes-store",
]

[[package]]
name = "fieldnotes-cli"
version = "0.1.0"
dependencies = [
 "fieldnotes-app",
]

[[package]]
name = "fieldnotes-credentials"
version = "0.1.0"
dependencies = [
 "fieldnotes-domain",
]

[[package]]
name = "fieldnotes-domain"
version = "0.1.0"

[[package]]
name = "fieldnotes-field-fixture"
version = "0.1.0"
dependencies = [
 "fieldnotes-field-protocol",
]

[[package]]
name = "fieldnotes-field-jira"
version = "0.1.0"
dependencies = [
 "fieldnotes-field-protocol",
]

[[package]]
name = "fieldnotes-field-local"
version = "0.1.0"
dependencies = [
 "fieldnotes-field-protocol",
]

[[package]]
name = "fieldnotes-field-outlook-calendar"
version = "0.1.0"
dependencies = [
 "fieldnotes-field-protocol",
 "fieldnotes-msgraph",
]

[[package]]
name = "fieldnotes-field-outlook-contacts"
version = "0.1.0"
dependencies = [
 "fieldnotes-field-protocol",
 "fieldnotes-msgraph",
]

[[package]]
name = "fieldnotes-field-outlook-mail"
version = "0.1.0"
dependencies = [
 "fieldnotes-field-protocol",
 "fieldnotes-msgraph",
]

[[package]]
name = "fieldnotes-field-protocol"
version = "0.1.0"
dependencies = [
 "fieldnotes-domain",
]

[[package]]
name = "fieldnotes-field-teams"
version = "0.1.0"
dependencies = [
 "fieldnotes-field-protocol",
 "fieldnotes-msgraph",
]

[[package]]
name = "fieldnotes-format"
version = "0.1.0"
dependencies = [
 "fieldnotes-domain",
]

[[package]]
name = "fieldnotes-graph"
version = "0.1.0"
dependencies = [
 "fieldnotes-domain",
 "fieldnotes-format",
]

[[package]]
name = "fieldnotes-msgraph"
version = "0.1.0"
dependencies = [
 "fieldnotes-field-protocol",
]

[[package]]
name = "fieldnotes-store"
version = "0.1.0"
dependencies = [
 "fieldnotes-domain",
 "fieldnotes-format",
]

[[package]]
name = "fieldnotes-test-support"
version = "0.1.0"
dependencies = [
 "fieldnotes-domain",
 "fieldnotes-field-protocol",
 "fieldnotes-format",
]
